
Microsoft Visual Studio Solution File, Format Version 12.00
# Visual Studio Version 17
VisualStudioVersion = 17.0.31825.309
MinimumVisualStudioVersion = 10.0.40219.1
Project("{9A19103F-16F7-4668-BE54-9A1E7A4F7556}") = "UpkModel", "Model\UpkModel.csproj", "{E140345C-36B8-4FFF-9D15-DE2C1D7FAF72}"
EndProject
Project("{9A19103F-16F7-4668-BE54-9A1E7A4F7556}") = "UpkDesktopClient", "UPK\UpkDesktopClient.csproj", "{7663174A-24EB-432F-91E1-8FE260AFB6B6}"
EndProject
Project("{9A19103F-16F7-4668-BE54-9A1E7A4F7556}") = "UpkTelegramClient", "TelegramClientCore\UpkTelegramClient.csproj", "{29176F91-D16C-4988-AD33-C86436CC4D9D}"
EndProject
Project("{9A19103F-16F7-4668-BE54-9A1E7A4F7556}") = "UpkServices", "UpkServices\UpkServices.csproj", "{3446B680-B802-4400-BC4C-F66738EEF535}"
EndProject
Project("{9A19103F-16F7-4668-BE54-9A1E7A4F7556}") = "UpkViewModel", "UpkViewModel\UpkViewModel.csproj", "{9C1DFB25-9D01-4AC8-9680-D3FA4015B3D2}"
EndProject
Project("{9A19103F-16F7-4668-BE54-9A1E7A4F7556}") = "UpkTelegramClientTests", "UpkTelegramClientTests\UpkTelegramClientTests.csproj", "{53F41FD5-038B-4102-A2D8-0800C0BDFBF7}"
EndProject
Project("{9A19103F-16F7-4668-BE54-9A1E7A4F7556}") = "ServerlessBot", "ServerlessBot\ServerlessBot.csproj", "{4ABDE964-05C9-4B28-9FB3-6573CC4D765C}"
EndProject
Project("{9A19103F-16F7-4668-BE54-9A1E7A4F7556}") = "Client", "Client\Client.csproj", "{1DC86FCF-1754-4E28-9709-231F3A523776}"
EndProject
Project("{2150E333-8FDC-42A3-9474-1A3956D46DE8}") = "UpkBot.Serverless", "UpkBot.Serverless", "{AB90E6FC-4D91-4B57-B3B8-4ED5B2550072}"
EndProject
Project("{9A19103F-16F7-4668-BE54-9A1E7A4F7556}") = "UpkBot.Serverless.RequestHandler", "MainHandler\UpkBot.Serverless.RequestHandler.csproj", "{7C41255E-0052-4E94-92E8-F4E27AAF951A}"
EndProject
Project("{9A19103F-16F7-4668-BE54-9A1E7A4F7556}") = "UpkBot.Serverless.Database", "UpkBot.Serverless.Database\UpkBot.Serverless.Database.csproj", "{24677B67-24BE-4975-B31F-284B7AF6122F}"
EndProject
Project("{9A19103F-16F7-4668-BE54-9A1E7A4F7556}") = "UpkBot.Serverless.Triggers", "UpkBot.Serverless.Triggers\UpkBot.Serverless.Triggers.csproj", "{2FB42D91-CAB6-4771-9CA3-D53AF2E9BCB0}"
EndProject
Global
	GlobalSection(SolutionConfigurationPlatforms) = preSolution
		Debug|Any CPU = Debug|Any CPU
		Debug|ARM64 = Debug|ARM64
		Debug|x64 = Debug|x64
		Debug|x86 = Debug|x86
		Release|Any CPU = Release|Any CPU
		Release|ARM64 = Release|ARM64
		Release|x64 = Release|x64
		Release|x86 = Release|x86
	EndGlobalSection
	GlobalSection(ProjectConfigurationPlatforms) = postSolution
		{E140345C-36B8-4FFF-9D15-DE2C1D7FAF72}.Debug|Any CPU.ActiveCfg = Debug|Any CPU
		{E140345C-36B8-4FFF-9D15-DE2C1D7FAF72}.Debug|Any CPU.Build.0 = Debug|Any CPU
		{E140345C-36B8-4FFF-9D15-DE2C1D7FAF72}.Debug|ARM64.ActiveCfg = Debug|Any CPU
		{E140345C-36B8-4FFF-9D15-DE2C1D7FAF72}.Debug|ARM64.Build.0 = Debug|Any CPU
		{E140345C-36B8-4FFF-9D15-DE2C1D7FAF72}.Debug|x64.ActiveCfg = Debug|Any CPU
		{E140345C-36B8-4FFF-9D15-DE2C1D7FAF72}.Debug|x64.Build.0 = Debug|Any CPU
		{E140345C-36B8-4FFF-9D15-DE2C1D7FAF72}.Debug|x86.ActiveCfg = Debug|Any CPU
		{E140345C-36B8-4FFF-9D15-DE2C1D7FAF72}.Debug|x86.Build.0 = Debug|Any CPU
		{E140345C-36B8-4FFF-9D15-DE2C1D7FAF72}.Release|Any CPU.ActiveCfg = Release|Any CPU
		{E140345C-36B8-4FFF-9D15-DE2C1D7FAF72}.Release|Any CPU.Build.0 = Release|Any CPU
		{E140345C-36B8-4FFF-9D15-DE2C1D7FAF72}.Release|ARM64.ActiveCfg = Release|Any CPU
		{E140345C-36B8-4FFF-9D15-DE2C1D7FAF72}.Release|ARM64.Build.0 = Release|Any CPU
		{E140345C-36B8-4FFF-9D15-DE2C1D7FAF72}.Release|x64.ActiveCfg = Release|Any CPU
		{E140345C-36B8-4FFF-9D15-DE2C1D7FAF72}.Release|x64.Build.0 = Release|Any CPU
		{E140345C-36B8-4FFF-9D15-DE2C1D7FAF72}.Release|x86.ActiveCfg = Release|Any CPU
		{E140345C-36B8-4FFF-9D15-DE2C1D7FAF72}.Release|x86.Build.0 = Release|Any CPU
		{7663174A-24EB-432F-91E1-8FE260AFB6B6}.Debug|Any CPU.ActiveCfg = Debug|Any CPU
		{7663174A-24EB-432F-91E1-8FE260AFB6B6}.Debug|Any CPU.Build.0 = Debug|Any CPU
		{7663174A-24EB-432F-91E1-8FE260AFB6B6}.Debug|ARM64.ActiveCfg = Debug|Any CPU
		{7663174A-24EB-432F-91E1-8FE260AFB6B6}.Debug|x64.ActiveCfg = Debug|Any CPU
		{7663174A-24EB-432F-91E1-8FE260AFB6B6}.Debug|x86.ActiveCfg = Debug|Any CPU
		{7663174A-24EB-432F-91E1-8FE260AFB6B6}.Debug|x86.Build.0 = Debug|Any CPU
		{7663174A-24EB-432F-91E1-8FE260AFB6B6}.Release|Any CPU.ActiveCfg = Release|Any CPU
		{7663174A-24EB-432F-91E1-8FE260AFB6B6}.Release|Any CPU.Build.0 = Release|Any CPU
		{7663174A-24EB-432F-91E1-8FE260AFB6B6}.Release|ARM64.ActiveCfg = Release|Any CPU
		{7663174A-24EB-432F-91E1-8FE260AFB6B6}.Release|x64.ActiveCfg = Release|Any CPU
		{7663174A-24EB-432F-91E1-8FE260AFB6B6}.Release|x86.ActiveCfg = Release|Any CPU
		{7663174A-24EB-432F-91E1-8FE260AFB6B6}.Release|x86.Build.0 = Release|Any CPU
		{29176F91-D16C-4988-AD33-C86436CC4D9D}.Debug|Any CPU.ActiveCfg = Debug|Any CPU
		{29176F91-D16C-4988-AD33-C86436CC4D9D}.Debug|Any CPU.Build.0 = Debug|Any CPU
		{29176F91-D16C-4988-AD33-C86436CC4D9D}.Debug|ARM64.ActiveCfg = Debug|ARM64
		{29176F91-D16C-4988-AD33-C86436CC4D9D}.Debug|ARM64.Build.0 = Debug|ARM64
		{29176F91-D16C-4988-AD33-C86436CC4D9D}.Debug|x64.ActiveCfg = Debug|x64
		{29176F91-D16C-4988-AD33-C86436CC4D9D}.Debug|x64.Build.0 = Debug|x64
		{29176F91-D16C-4988-AD33-C86436CC4D9D}.Debug|x86.ActiveCfg = Debug|Any CPU
		{29176F91-D16C-4988-AD33-C86436CC4D9D}.Debug|x86.Build.0 = Debug|Any CPU
		{29176F91-D16C-4988-AD33-C86436CC4D9D}.Release|Any CPU.ActiveCfg = Release|Any CPU
		{29176F91-D16C-4988-AD33-C86436CC4D9D}.Release|Any CPU.Build.0 = Release|Any CPU
		{29176F91-D16C-4988-AD33-C86436CC4D9D}.Release|ARM64.ActiveCfg = Release|ARM64
		{29176F91-D16C-4988-AD33-C86436CC4D9D}.Release|ARM64.Build.0 = Release|ARM64
		{29176F91-D16C-4988-AD33-C86436CC4D9D}.Release|x64.ActiveCfg = Release|x64
		{29176F91-D16C-4988-AD33-C86436CC4D9D}.Release|x64.Build.0 = Release|x64
		{29176F91-D16C-4988-AD33-C86436CC4D9D}.Release|x86.ActiveCfg = Release|Any CPU
		{29176F91-D16C-4988-AD33-C86436CC4D9D}.Release|x86.Build.0 = Release|Any CPU
		{3446B680-B802-4400-BC4C-F66738EEF535}.Debug|Any CPU.ActiveCfg = Debug|Any CPU
		{3446B680-B802-4400-BC4C-F66738EEF535}.Debug|Any CPU.Build.0 = Debug|Any CPU
		{3446B680-B802-4400-BC4C-F66738EEF535}.Debug|ARM64.ActiveCfg = Debug|Any CPU
		{3446B680-B802-4400-BC4C-F66738EEF535}.Debug|ARM64.Build.0 = Debug|Any CPU
		{3446B680-B802-4400-BC4C-F66738EEF535}.Debug|x64.ActiveCfg = Debug|Any CPU
		{3446B680-B802-4400-BC4C-F66738EEF535}.Debug|x64.Build.0 = Debug|Any CPU
		{3446B680-B802-4400-BC4C-F66738EEF535}.Debug|x86.ActiveCfg = Debug|Any CPU
		{3446B680-B802-4400-BC4C-F66738EEF535}.Debug|x86.Build.0 = Debug|Any CPU
		{3446B680-B802-4400-BC4C-F66738EEF535}.Release|Any CPU.ActiveCfg = Release|Any CPU
		{3446B680-B802-4400-BC4C-F66738EEF535}.Release|Any CPU.Build.0 = Release|Any CPU
		{3446B680-B802-4400-BC4C-F66738EEF535}.Release|ARM64.ActiveCfg = Release|Any CPU
		{3446B680-B802-4400-BC4C-F66738EEF535}.Release|ARM64.Build.0 = Release|Any CPU
		{3446B680-B802-4400-BC4C-F66738EEF535}.Release|x64.ActiveCfg = Release|Any CPU
		{3446B680-B802-4400-BC4C-F66738EEF535}.Release|x64.Build.0 = Release|Any CPU
		{3446B680-B802-4400-BC4C-F66738EEF535}.Release|x86.ActiveCfg = Release|Any CPU
		{3446B680-B802-4400-BC4C-F66738EEF535}.Release|x86.Build.0 = Release|Any CPU
		{9C1DFB25-9D01-4AC8-9680-D3FA4015B3D2}.Debug|Any CPU.ActiveCfg = Debug|Any CPU
		{9C1DFB25-9D01-4AC8-9680-D3FA4015B3D2}.Debug|Any CPU.Build.0 = Debug|Any CPU
		{9C1DFB25-9D01-4AC8-9680-D3FA4015B3D2}.Debug|ARM64.ActiveCfg = Debug|Any CPU
		{9C1DFB25-9D01-4AC8-9680-D3FA4015B3D2}.Debug|x64.ActiveCfg = Debug|Any CPU
		{9C1DFB25-9D01-4AC8-9680-D3FA4015B3D2}.Debug|x86.ActiveCfg = Debug|Any CPU
		{9C1DFB25-9D01-4AC8-9680-D3FA4015B3D2}.Debug|x86.Build.0 = Debug|Any CPU
		{9C1DFB25-9D01-4AC8-9680-D3FA4015B3D2}.Release|Any CPU.ActiveCfg = Release|Any CPU
		{9C1DFB25-9D01-4AC8-9680-D3FA4015B3D2}.Release|Any CPU.Build.0 = Release|Any CPU
		{9C1DFB25-9D01-4AC8-9680-D3FA4015B3D2}.Release|ARM64.ActiveCfg = Release|Any CPU
		{9C1DFB25-9D01-4AC8-9680-D3FA4015B3D2}.Release|x64.ActiveCfg = Release|Any CPU
		{9C1DFB25-9D01-4AC8-9680-D3FA4015B3D2}.Release|x86.ActiveCfg = Release|Any CPU
		{9C1DFB25-9D01-4AC8-9680-D3FA4015B3D2}.Release|x86.Build.0 = Release|Any CPU
		{53F41FD5-038B-4102-A2D8-0800C0BDFBF7}.Debug|Any CPU.ActiveCfg = Debug|Any CPU
		{53F41FD5-038B-4102-A2D8-0800C0BDFBF7}.Debug|Any CPU.Build.0 = Debug|Any CPU
		{53F41FD5-038B-4102-A2D8-0800C0BDFBF7}.Debug|ARM64.ActiveCfg = Debug|Any CPU
		{53F41FD5-038B-4102-A2D8-0800C0BDFBF7}.Debug|ARM64.Build.0 = Debug|Any CPU
		{53F41FD5-038B-4102-A2D8-0800C0BDFBF7}.Debug|x64.ActiveCfg = Debug|Any CPU
		{53F41FD5-038B-4102-A2D8-0800C0BDFBF7}.Debug|x64.Build.0 = Debug|Any CPU
		{53F41FD5-038B-4102-A2D8-0800C0BDFBF7}.Debug|x86.ActiveCfg = Debug|Any CPU
		{53F41FD5-038B-4102-A2D8-0800C0BDFBF7}.Debug|x86.Build.0 = Debug|Any CPU
		{53F41FD5-038B-4102-A2D8-0800C0BDFBF7}.Release|Any CPU.ActiveCfg = Release|Any CPU
		{53F41FD5-038B-4102-A2D8-0800C0BDFBF7}.Release|Any CPU.Build.0 = Release|Any CPU
		{53F41FD5-038B-4102-A2D8-0800C0BDFBF7}.Release|ARM64.ActiveCfg = Release|Any CPU
		{53F41FD5-038B-4102-A2D8-0800C0BDFBF7}.Release|ARM64.Build.0 = Release|Any CPU
		{53F41FD5-038B-4102-A2D8-0800C0BDFBF7}.Release|x64.ActiveCfg = Release|Any CPU
		{53F41FD5-038B-4102-A2D8-0800C0BDFBF7}.Release|x64.Build.0 = Release|Any CPU
		{53F41FD5-038B-4102-A2D8-0800C0BDFBF7}.Release|x86.ActiveCfg = Release|Any CPU
		{53F41FD5-038B-4102-A2D8-0800C0BDFBF7}.Release|x86.Build.0 = Release|Any CPU
		{4ABDE964-05C9-4B28-9FB3-6573CC4D765C}.Debug|Any CPU.ActiveCfg = Debug|Any CPU
		{4ABDE964-05C9-4B28-9FB3-6573CC4D765C}.Debug|Any CPU.Build.0 = Debug|Any CPU
		{4ABDE964-05C9-4B28-9FB3-6573CC4D765C}.Debug|ARM64.ActiveCfg = Debug|Any CPU
		{4ABDE964-05C9-4B28-9FB3-6573CC4D765C}.Debug|ARM64.Build.0 = Debug|Any CPU
		{4ABDE964-05C9-4B28-9FB3-6573CC4D765C}.Debug|x64.ActiveCfg = Debug|Any CPU
		{4ABDE964-05C9-4B28-9FB3-6573CC4D765C}.Debug|x64.Build.0 = Debug|Any CPU
		{4ABDE964-05C9-4B28-9FB3-6573CC4D765C}.Debug|x86.ActiveCfg = Debug|Any CPU
		{4ABDE964-05C9-4B28-9FB3-6573CC4D765C}.Debug|x86.Build.0 = Debug|Any CPU
		{4ABDE964-05C9-4B28-9FB3-6573CC4D765C}.Release|Any CPU.ActiveCfg = Release|Any CPU
		{4ABDE964-05C9-4B28-9FB3-6573CC4D765C}.Release|Any CPU.Build.0 = Release|Any CPU
		{4ABDE964-05C9-4B28-9FB3-6573CC4D765C}.Release|ARM64.ActiveCfg = Release|Any CPU
		{4ABDE964-05C9-4B28-9FB3-6573CC4D765C}.Release|ARM64.Build.0 = Release|Any CPU
		{4ABDE964-05C9-4B28-9FB3-6573CC4D765C}.Release|x64.ActiveCfg = Release|Any CPU
		{4ABDE964-05C9-4B28-9FB3-6573CC4D765C}.Release|x64.Build.0 = Release|Any CPU
		{4ABDE964-05C9-4B28-9FB3-6573CC4D765C}.Release|x86.ActiveCfg = Release|Any CPU
		{4ABDE964-05C9-4B28-9FB3-6573CC4D765C}.Release|x86.Build.0 = Release|Any CPU
		{1DC86FCF-1754-4E28-9709-231F3A523776}.Debug|Any CPU.ActiveCfg = Debug|Any CPU
		{1DC86FCF-1754-4E28-9709-231F3A523776}.Debug|Any CPU.Build.0 = Debug|Any CPU
		{1DC86FCF-1754-4E28-9709-231F3A523776}.Debug|ARM64.ActiveCfg = Debug|Any CPU
		{1DC86FCF-1754-4E28-9709-231F3A523776}.Debug|ARM64.Build.0 = Debug|Any CPU
		{1DC86FCF-1754-4E28-9709-231F3A523776}.Debug|x64.ActiveCfg = Debug|Any CPU
		{1DC86FCF-1754-4E28-9709-231F3A523776}.Debug|x64.Build.0 = Debug|Any CPU
		{1DC86FCF-1754-4E28-9709-231F3A523776}.Debug|x86.ActiveCfg = Debug|Any CPU
		{1DC86FCF-1754-4E28-9709-231F3A523776}.Debug|x86.Build.0 = Debug|Any CPU
		{1DC86FCF-1754-4E28-9709-231F3A523776}.Release|Any CPU.ActiveCfg = Release|Any CPU
		{1DC86FCF-1754-4E28-9709-231F3A523776}.Release|Any CPU.Build.0 = Release|Any CPU
		{1DC86FCF-1754-4E28-9709-231F3A523776}.Release|ARM64.ActiveCfg = Release|Any CPU
		{1DC86FCF-1754-4E28-9709-231F3A523776}.Release|ARM64.Build.0 = Release|Any CPU
		{1DC86FCF-1754-4E28-9709-231F3A523776}.Release|x64.ActiveCfg = Release|Any CPU
		{1DC86FCF-1754-4E28-9709-231F3A523776}.Release|x64.Build.0 = Release|Any CPU
		{1DC86FCF-1754-4E28-9709-231F3A523776}.Release|x86.ActiveCfg = Release|Any CPU
		{1DC86FCF-1754-4E28-9709-231F3A523776}.Release|x86.Build.0 = Release|Any CPU
		{7C41255E-0052-4E94-92E8-F4E27AAF951A}.Debug|Any CPU.ActiveCfg = Debug|Any CPU
		{7C41255E-0052-4E94-92E8-F4E27AAF951A}.Debug|Any CPU.Build.0 = Debug|Any CPU
		{7C41255E-0052-4E94-92E8-F4E27AAF951A}.Debug|ARM64.ActiveCfg = Debug|Any CPU
		{7C41255E-0052-4E94-92E8-F4E27AAF951A}.Debug|ARM64.Build.0 = Debug|Any CPU
		{7C41255E-0052-4E94-92E8-F4E27AAF951A}.Debug|x64.ActiveCfg = Debug|Any CPU
		{7C41255E-0052-4E94-92E8-F4E27AAF951A}.Debug|x64.Build.0 = Debug|Any CPU
		{7C41255E-0052-4E94-92E8-F4E27AAF951A}.Debug|x86.ActiveCfg = Debug|Any CPU
		{7C41255E-0052-4E94-92E8-F4E27AAF951A}.Debug|x86.Build.0 = Debug|Any CPU
		{7C41255E-0052-4E94-92E8-F4E27AAF951A}.Release|Any CPU.ActiveCfg = Release|Any CPU
		{7C41255E-0052-4E94-92E8-F4E27AAF951A}.Release|Any CPU.Build.0 = Release|Any CPU
		{7C41255E-0052-4E94-92E8-F4E27AAF951A}.Release|ARM64.ActiveCfg = Release|Any CPU
		{7C41255E-0052-4E94-92E8-F4E27AAF951A}.Release|ARM64.Build.0 = Release|Any CPU
		{7C41255E-0052-4E94-92E8-F4E27AAF951A}.Release|x64.ActiveCfg = Release|Any CPU
		{7C41255E-0052-4E94-92E8-F4E27AAF951A}.Release|x64.Build.0 = Release|Any CPU
		{7C41255E-0052-4E94-92E8-F4E27AAF951A}.Release|x86.ActiveCfg = Release|Any CPU
		{7C41255E-0052-4E94-92E8-F4E27AAF951A}.Release|x86.Build.0 = Release|Any CPU
		{24677B67-24BE-4975-B31F-284B7AF6122F}.Debug|Any CPU.ActiveCfg = Debug|Any CPU
		{24677B67-24BE-4975-B31F-284B7AF6122F}.Debug|Any CPU.Build.0 = Debug|Any CPU
		{24677B67-24BE-4975-B31F-284B7AF6122F}.Debug|ARM64.ActiveCfg = Debug|Any CPU
		{24677B67-24BE-4975-B31F-284B7AF6122F}.Debug|ARM64.Build.0 = Debug|Any CPU
		{24677B67-24BE-4975-B31F-284B7AF6122F}.Debug|x64.ActiveCfg = Debug|Any CPU
		{24677B67-24BE-4975-B31F-284B7AF6122F}.Debug|x64.Build.0 = Debug|Any CPU
		{24677B67-24BE-4975-B31F-284B7AF6122F}.Debug|x86.ActiveCfg = Debug|Any CPU
		{24677B67-24BE-4975-B31F-284B7AF6122F}.Debug|x86.Build.0 = Debug|Any CPU
		{24677B67-24BE-4975-B31F-284B7AF6122F}.Release|Any CPU.ActiveCfg = Release|Any CPU
		{24677B67-24BE-4975-B31F-284B7AF6122F}.Release|Any CPU.Build.0 = Release|Any CPU
		{24677B67-24BE-4975-B31F-284B7AF6122F}.Release|ARM64.ActiveCfg = Release|Any CPU
		{24677B67-24BE-4975-B31F-284B7AF6122F}.Release|ARM64.Build.0 = Release|Any CPU
		{24677B67-24BE-4975-B31F-284B7AF6122F}.Release|x64.ActiveCfg = Release|Any CPU
		{24677B67-24BE-4975-B31F-284B7AF6122F}.Release|x64.Build.0 = Release|Any CPU
		{24677B67-24BE-4975-B31F-284B7AF6122F}.Release|x86.ActiveCfg = Release|Any CPU
		{24677B67-24BE-4975-B31F-284B7AF6122F}.Release|x86.Build.0 = Release|Any CPU
		{2FB42D91-CAB6-4771-9CA3-D53AF2E9BCB0}.Debug|Any CPU.ActiveCfg = Debug|Any CPU
		{2FB42D91-CAB6-4771-9CA3-D53AF2E9BCB0}.Debug|Any CPU.Build.0 = Debug|Any CPU
		{2FB42D91-CAB6-4771-9CA3-D53AF2E9BCB0}.Debug|ARM64.ActiveCfg = Debug|Any CPU
		{2FB42D91-CAB6-4771-9CA3-D53AF2E9BCB0}.Debug|ARM64.Build.0 = Debug|Any CPU
		{2FB42D91-CAB6-4771-9CA3-D53AF2E9BCB0}.Debug|x64.ActiveCfg = Debug|Any CPU
		{2FB42D91-CAB6-4771-9CA3-D53AF2E9BCB0}.Debug|x64.Build.0 = Debug|Any CPU
		{2FB42D91-CAB6-4771-9CA3-D53AF2E9BCB0}.Debug|x86.ActiveCfg = Debug|Any CPU
		{2FB42D91-CAB6-4771-9CA3-D53AF2E9BCB0}.Debug|x86.Build.0 = Debug|Any CPU
		{2FB42D91-CAB6-4771-9CA3-D53AF2E9BCB0}.Release|Any CPU.ActiveCfg = Release|Any CPU
		{2FB42D91-CAB6-4771-9CA3-D53AF2E9BCB0}.Release|Any CPU.Build.0 = Release|Any CPU
		{2FB42D91-CAB6-4771-9CA3-D53AF2E9BCB0}.Release|ARM64.ActiveCfg = Release|Any CPU
		{2FB42D91-CAB6-4771-9CA3-D53AF2E9BCB0}.Release|ARM64.Build.0 = Release|Any CPU
		{2FB42D91-CAB6-4771-9CA3-D53AF2E9BCB0}.Release|x64.ActiveCfg = Release|Any CPU
		{2FB42D91-CAB6-4771-9CA3-D53AF2E9BCB0}.Release|x64.Build.0 = Release|Any CPU
		{2FB42D91-CAB6-4771-9CA3-D53AF2E9BCB0}.Release|x86.ActiveCfg = Release|Any CPU
		{2FB42D91-CAB6-4771-9CA3-D53AF2E9BCB0}.Release|x86.Build.0 = Release|Any CPU
	EndGlobalSection
	GlobalSection(SolutionProperties) = preSolution
		HideSolutionNode = FALSE
	EndGlobalSection
	GlobalSection(NestedProjects) = preSolution
		{4ABDE964-05C9-4B28-9FB3-6573CC4D765C} = {AB90E6FC-4D91-4B57-B3B8-4ED5B2550072}
		{1DC86FCF-1754-4E28-9709-231F3A523776} = {AB90E6FC-4D91-4B57-B3B8-4ED5B2550072}
		{7C41255E-0052-4E94-92E8-F4E27AAF951A} = {AB90E6FC-4D91-4B57-B3B8-4ED5B2550072}
		{24677B67-24BE-4975-B31F-284B7AF6122F} = {AB90E6FC-4D91-4B57-B3B8-4ED5B2550072}
		{2FB42D91-CAB6-4771-9CA3-D53AF2E9BCB0} = {AB90E6FC-4D91-4B57-B3B8-4ED5B2550072}
	EndGlobalSection
	GlobalSection(ExtensibilityGlobals) = postSolution
		SolutionGuid = {3FD5FB52-5EF4-4559-B109-3D6A67DE2E15}
	EndGlobalSection
EndGlobal
